
Microsoft Visual Studio Solution File, Format Version 12.00
# Visual Studio 2013
VisualStudioVersion = 12.0.31101.0
MinimumVisualStudioVersion = 10.0.40219.1
Project("{FAE04EC0-301F-11D3-BF4B-00C04F79EFBC}") = "JsonDataContextDriver", "JsonDataContextDriver.csproj", "{32EA56C9-D3C7-47F6-AB9F-FD41CC0045C7}"
EndProject
Project("{FAE04EC0-301F-11D3-BF4B-00C04F79EFBC}") = "JsonClassGeneratorLib", "..\JsonCSharpClassGeneratorLib\JsonClassGeneratorLib.csproj", "{7BEF7EAA-DE37-40FB-BD33-3DEF0685031F}"
EndProject
Project("{2150E333-8FDC-42A3-9474-1A3956D46DE8}") = "Solution Items", "Solution Items", "{E1C35EA5-F959-4CA9-85E5-8654158C43C4}"
	ProjectSection(SolutionItems) = preProject
		..\.gitignore = ..\.gitignore
		..\LICENSE = ..\LICENSE
		..\README.md = ..\README.md
	EndProjectSection
EndProject
Project("{FAE04EC0-301F-11D3-BF4B-00C04F79EFBC}") = "JsonDataContextBase", "..\JsonDataContextBase\JsonDataContextBase.csproj", "{687D854F-DB1B-4FF4-8EFD-91483341A150}"
EndProject
Global
	GlobalSection(SolutionConfigurationPlatforms) = preSolution
		Ad-Hoc|Any CPU = Ad-Hoc|Any CPU
		Ad-Hoc|iPhone = Ad-Hoc|iPhone
		Ad-Hoc|iPhoneSimulator = Ad-Hoc|iPhoneSimulator
		Ad-Hoc|Mixed Platforms = Ad-Hoc|Mixed Platforms
		AppStore|Any CPU = AppStore|Any CPU
		AppStore|iPhone = AppStore|iPhone
		AppStore|iPhoneSimulator = AppStore|iPhoneSimulator
		AppStore|Mixed Platforms = AppStore|Mixed Platforms
		Debug|Any CPU = Debug|Any CPU
		Debug|iPhone = Debug|iPhone
		Debug|iPhoneSimulator = Debug|iPhoneSimulator
		Debug|Mixed Platforms = Debug|Mixed Platforms
		Release|Any CPU = Release|Any CPU
		Release|iPhone = Release|iPhone
		Release|iPhoneSimulator = Release|iPhoneSimulator
		Release|Mixed Platforms = Release|Mixed Platforms
	EndGlobalSection
	GlobalSection(ProjectConfigurationPlatforms) = postSolution
		{32EA56C9-D3C7-47F6-AB9F-FD41CC0045C7}.Ad-Hoc|Any CPU.ActiveCfg = Release|Any CPU
		{32EA56C9-D3C7-47F6-AB9F-FD41CC0045C7}.Ad-Hoc|Any CPU.Build.0 = Release|Any CPU
		{32EA56C9-D3C7-47F6-AB9F-FD41CC0045C7}.Ad-Hoc|iPhone.ActiveCfg = Release|Any CPU
		{32EA56C9-D3C7-47F6-AB9F-FD41CC0045C7}.Ad-Hoc|iPhoneSimulator.ActiveCfg = Release|Any CPU
		{32EA56C9-D3C7-47F6-AB9F-FD41CC0045C7}.Ad-Hoc|Mixed Platforms.ActiveCfg = Release|Any CPU
		{32EA56C9-D3C7-47F6-AB9F-FD41CC0045C7}.Ad-Hoc|Mixed Platforms.Build.0 = Release|Any CPU
		{32EA56C9-D3C7-47F6-AB9F-FD41CC0045C7}.AppStore|Any CPU.ActiveCfg = Release|Any CPU
		{32EA56C9-D3C7-47F6-AB9F-FD41CC0045C7}.AppStore|Any CPU.Build.0 = Release|Any CPU
		{32EA56C9-D3C7-47F6-AB9F-FD41CC0045C7}.AppStore|iPhone.ActiveCfg = Release|Any CPU
		{32EA56C9-D3C7-47F6-AB9F-FD41CC0045C7}.AppStore|iPhoneSimulator.ActiveCfg = Release|Any CPU
		{32EA56C9-D3C7-47F6-AB9F-FD41CC0045C7}.AppStore|Mixed Platforms.ActiveCfg = Release|Any CPU
		{32EA56C9-D3C7-47F6-AB9F-FD41CC0045C7}.AppStore|Mixed Platforms.Build.0 = Release|Any CPU
		{32EA56C9-D3C7-47F6-AB9F-FD41CC0045C7}.Debug|Any CPU.ActiveCfg = Debug|Any CPU
		{32EA56C9-D3C7-47F6-AB9F-FD41CC0045C7}.Debug|Any CPU.Build.0 = Debug|Any CPU
		{32EA56C9-D3C7-47F6-AB9F-FD41CC0045C7}.Debug|iPhone.ActiveCfg = Debug|Any CPU
		{32EA56C9-D3C7-47F6-AB9F-FD41CC0045C7}.Debug|iPhoneSimulator.ActiveCfg = Debug|Any CPU
		{32EA56C9-D3C7-47F6-AB9F-FD41CC0045C7}.Debug|Mixed Platforms.ActiveCfg = Debug|Any CPU
		{32EA56C9-D3C7-47F6-AB9F-FD41CC0045C7}.Debug|Mixed Platforms.Build.0 = Debug|Any CPU
		{32EA56C9-D3C7-47F6-AB9F-FD41CC0045C7}.Release|Any CPU.ActiveCfg = Release|Any CPU
		{32EA56C9-D3C7-47F6-AB9F-FD41CC0045C7}.Release|Any CPU.Build.0 = Release|Any CPU
		{32EA56C9-D3C7-47F6-AB9F-FD41CC0045C7}.Release|iPhone.ActiveCfg = Release|Any CPU
		{32EA56C9-D3C7-47F6-AB9F-FD41CC0045C7}.Release|iPhoneSimulator.ActiveCfg = Release|Any CPU
		{32EA56C9-D3C7-47F6-AB9F-FD41CC0045C7}.Release|Mixed Platforms.ActiveCfg = Release|Any CPU
		{32EA56C9-D3C7-47F6-AB9F-FD41CC0045C7}.Release|Mixed Platforms.Build.0 = Release|Any CPU
		{7BEF7EAA-DE37-40FB-BD33-3DEF0685031F}.Ad-Hoc|Any CPU.ActiveCfg = Release|Any CPU
		{7BEF7EAA-DE37-40FB-BD33-3DEF0685031F}.Ad-Hoc|Any CPU.Build.0 = Release|Any CPU
		{7BEF7EAA-DE37-40FB-BD33-3DEF0685031F}.Ad-Hoc|iPhone.ActiveCfg = Release|Any CPU
		{7BEF7EAA-DE37-40FB-BD33-3DEF0685031F}.Ad-Hoc|iPhoneSimulator.ActiveCfg = Release|Any CPU
		{7BEF7EAA-DE37-40FB-BD33-3DEF0685031F}.Ad-Hoc|Mixed Platforms.ActiveCfg = Release|Any CPU
		{7BEF7EAA-DE37-40FB-BD33-3DEF0685031F}.Ad-Hoc|Mixed Platforms.Build.0 = Release|Any CPU
		{7BEF7EAA-DE37-40FB-BD33-3DEF0685031F}.AppStore|Any CPU.ActiveCfg = Release|Any CPU
		{7BEF7EAA-DE37-40FB-BD33-3DEF0685031F}.AppStore|Any CPU.Build.0 = Release|Any CPU
		{7BEF7EAA-DE37-40FB-BD33-3DEF0685031F}.AppStore|iPhone.ActiveCfg = Release|Any CPU
		{7BEF7EAA-DE37-40FB-BD33-3DEF0685031F}.AppStore|iPhoneSimulator.ActiveCfg = Release|Any CPU
		{7BEF7EAA-DE37-40FB-BD33-3DEF0685031F}.AppStore|Mixed Platforms.ActiveCfg = Release|Any CPU
		{7BEF7EAA-DE37-40FB-BD33-3DEF0685031F}.AppStore|Mixed Platforms.Build.0 = Release|Any CPU
		{7BEF7EAA-DE37-40FB-BD33-3DEF0685031F}.Debug|Any CPU.ActiveCfg = Debug|Any CPU
		{7BEF7EAA-DE37-40FB-BD33-3DEF0685031F}.Debug|Any CPU.Build.0 = Debug|Any CPU
		{7BEF7EAA-DE37-40FB-BD33-3DEF0685031F}.Debug|iPhone.ActiveCfg = Debug|Any CPU
		{7BEF7EAA-DE37-40FB-BD33-3DEF0685031F}.Debug|iPhoneSimulator.ActiveCfg = Debug|Any CPU
		{7BEF7EAA-DE37-40FB-BD33-3DEF0685031F}.Debug|Mixed Platforms.ActiveCfg = Debug|Any CPU
		{7BEF7EAA-DE37-40FB-BD33-3DEF0685031F}.Debug|Mixed Platforms.Build.0 = Debug|Any CPU
		{7BEF7EAA-DE37-40FB-BD33-3DEF0685031F}.Release|Any CPU.ActiveCfg = Release|Any CPU
		{7BEF7EAA-DE37-40FB-BD33-3DEF0685031F}.Release|Any CPU.Build.0 = Release|Any CPU
		{7BEF7EAA-DE37-40FB-BD33-3DEF0685031F}.Release|iPhone.ActiveCfg = Release|Any CPU
		{7BEF7EAA-DE37-40FB-BD33-3DEF0685031F}.Release|iPhoneSimulator.ActiveCfg = Release|Any CPU
		{7BEF7EAA-DE37-40FB-BD33-3DEF0685031F}.Release|Mixed Platforms.ActiveCfg = Release|Any CPU
		{7BEF7EAA-DE37-40FB-BD33-3DEF0685031F}.Release|Mixed Platforms.Build.0 = Release|Any CPU
		{687D854F-DB1B-4FF4-8EFD-91483341A150}.Ad-Hoc|Any CPU.ActiveCfg = Release|Any CPU
		{687D854F-DB1B-4FF4-8EFD-91483341A150}.Ad-Hoc|Any CPU.Build.0 = Release|Any CPU
		{687D854F-DB1B-4FF4-8EFD-91483341A150}.Ad-Hoc|iPhone.ActiveCfg = Release|Any CPU
		{687D854F-DB1B-4FF4-8EFD-91483341A150}.Ad-Hoc|iPhoneSimulator.ActiveCfg = Release|Any CPU
		{687D854F-DB1B-4FF4-8EFD-91483341A150}.Ad-Hoc|Mixed Platforms.ActiveCfg = Release|Any CPU
		{687D854F-DB1B-4FF4-8EFD-91483341A150}.Ad-Hoc|Mixed Platforms.Build.0 = Release|Any CPU
		{687D854F-DB1B-4FF4-8EFD-91483341A150}.AppStore|Any CPU.ActiveCfg = Release|Any CPU
		{687D854F-DB1B-4FF4-8EFD-91483341A150}.AppStore|Any CPU.Build.0 = Release|Any CPU
		{687D854F-DB1B-4FF4-8EFD-91483341A150}.AppStore|iPhone.ActiveCfg = Release|Any CPU
		{687D854F-DB1B-4FF4-8EFD-91483341A150}.AppStore|iPhoneSimulator.ActiveCfg = Release|Any CPU
		{687D854F-DB1B-4FF4-8EFD-91483341A150}.AppStore|Mixed Platforms.ActiveCfg = Release|Any CPU
		{687D854F-DB1B-4FF4-8EFD-91483341A150}.AppStore|Mixed Platforms.Build.0 = Release|Any CPU
		{687D854F-DB1B-4FF4-8EFD-91483341A150}.Debug|Any CPU.ActiveCfg = Debug|Any CPU
		{687D854F-DB1B-4FF4-8EFD-91483341A150}.Debug|Any CPU.Build.0 = Debug|Any CPU
		{687D854F-DB1B-4FF4-8EFD-91483341A150}.Debug|iPhone.ActiveCfg = Debug|Any CPU
		{687D854F-DB1B-4FF4-8EFD-91483341A150}.Debug|iPhoneSimulator.ActiveCfg = Debug|Any CPU
		{687D854F-DB1B-4FF4-8EFD-91483341A150}.Debug|Mixed Platforms.ActiveCfg = Debug|Any CPU
		{687D854F-DB1B-4FF4-8EFD-91483341A150}.Debug|Mixed Platforms.Build.0 = Debug|Any CPU
		{687D854F-DB1B-4FF4-8EFD-91483341A150}.Release|Any CPU.ActiveCfg = Release|Any CPU
		{687D854F-DB1B-4FF4-8EFD-91483341A150}.Release|Any CPU.Build.0 = Release|Any CPU
		{687D854F-DB1B-4FF4-8EFD-91483341A150}.Release|iPhone.ActiveCfg = Release|Any CPU
		{687D854F-DB1B-4FF4-8EFD-91483341A150}.Release|iPhoneSimulator.ActiveCfg = Release|Any CPU
		{687D854F-DB1B-4FF4-8EFD-91483341A150}.Release|Mixed Platforms.ActiveCfg = Release|Any CPU
		{687D854F-DB1B-4FF4-8EFD-91483341A150}.Release|Mixed Platforms.Build.0 = Release|Any CPU
	EndGlobalSection
	GlobalSection(SolutionProperties) = preSolution
		HideSolutionNode = FALSE
	EndGlobalSection
EndGlobal
